Microsoft Visual Studio Solution File, Format Version 12.00
# Visual Studio 15
VisualStudioVersion = 15.0.27428.2011
MinimumVisualStudioVersion = 10.0.40219.1
Project("{8BC9CEB8-8B4A-11D0-8D11-00A0C91BC942}") = "bigfile_boost_iostreams_test", "apps\bigfile_boost_iostreams_test.vcxproj", "{2BEF598A-B271-4145-AAE2-9637594F5864}"
	ProjectSection(ProjectDependencies) = postProject
		{114F1861-06E1-4AE8-814B-AA0A3CCC7E50} = {114F1861-06E1-4AE8-814B-AA0A3CCC7E50}
	EndProjectSection
EndProject
Project("{8BC9CEB8-8B4A-11D0-8D11-00A0C91BC942}") = "bigfile_test", "apps\bigfile_test.vcxproj", "{E10C23C8-FF26-4A63-836D-FDD9A63EAB14}"
	ProjectSection(ProjectDependencies) = postProject
		{114F1861-06E1-4AE8-814B-AA0A3CCC7E50} = {114F1861-06E1-4AE8-814B-AA0A3CCC7E50}
		{7EB14F6A-4092-41BA-B95E-676D83560A4C} = {7EB14F6A-4092-41BA-B95E-676D83560A4C}
	EndProjectSection
EndProject
Project("{8BC9CEB8-8B4A-11D0-8D11-00A0C91BC942}") = "las2las", "apps\las2las.vcxproj", "{6E598307-4FC3-4A13-B74D-3178D07FFEDC}"
	ProjectSection(ProjectDependencies) = postProject
		{114F1861-06E1-4AE8-814B-AA0A3CCC7E50} = {114F1861-06E1-4AE8-814B-AA0A3CCC7E50}
	EndProjectSection
EndProject
Project("{8BC9CEB8-8B4A-11D0-8D11-00A0C91BC942}") = "las2ogr", "apps\las2ogr.vcxproj", "{4C3DDCB2-B377-4B73-A767-63B67FE9686C}"
	ProjectSection(ProjectDependencies) = postProject
		{114F1861-06E1-4AE8-814B-AA0A3CCC7E50} = {114F1861-06E1-4AE8-814B-AA0A3CCC7E50}
	EndProjectSection
EndProject
Project("{8BC9CEB8-8B4A-11D0-8D11-00A0C91BC942}") = "las2txt", "apps\las2txt.vcxproj", "{D358C457-70CA-4633-847C-CAD10DB8E926}"
	ProjectSection(ProjectDependencies) = postProject
		{114F1861-06E1-4AE8-814B-AA0A3CCC7E50} = {114F1861-06E1-4AE8-814B-AA0A3CCC7E50}
	EndProjectSection
EndProject
Project("{8BC9CEB8-8B4A-11D0-8D11-00A0C91BC942}") = "lasblock", "apps\lasblock.vcxproj", "{BC4266AF-D034-44CE-9F51-0A88CBB279E1}"
	ProjectSection(ProjectDependencies) = postProject
		{114F1861-06E1-4AE8-814B-AA0A3CCC7E50} = {114F1861-06E1-4AE8-814B-AA0A3CCC7E50}
	EndProjectSection
EndProject
Project("{8BC9CEB8-8B4A-11D0-8D11-00A0C91BC942}") = "lasindex_test", "apps\lasindex_test.vcxproj", "{10EB0331-E5C1-46D6-97E6-1A113C2C9D70}"
	ProjectSection(ProjectDependencies) = postProject
		{114F1861-06E1-4AE8-814B-AA0A3CCC7E50} = {114F1861-06E1-4AE8-814B-AA0A3CCC7E50}
	EndProjectSection
EndProject
Project("{8BC9CEB8-8B4A-11D0-8D11-00A0C91BC942}") = "lasinfo", "apps\lasinfo.vcxproj", "{7C4924AF-F090-4BDA-B451-68F6EAB29B22}"
	ProjectSection(ProjectDependencies) = postProject
		{114F1861-06E1-4AE8-814B-AA0A3CCC7E50} = {114F1861-06E1-4AE8-814B-AA0A3CCC7E50}
	EndProjectSection
EndProject
Project("{8BC9CEB8-8B4A-11D0-8D11-00A0C91BC942}") = "liblas", "src\liblas.vcxproj", "{114F1861-06E1-4AE8-814B-AA0A3CCC7E50}"
EndProject
Project("{8BC9CEB8-8B4A-11D0-8D11-00A0C91BC942}") = "liblas_c", "src\liblas_c.vcxproj", "{7EB14F6A-4092-41BA-B95E-676D83560A4C}"
	ProjectSection(ProjectDependencies) = postProject
		{114F1861-06E1-4AE8-814B-AA0A3CCC7E50} = {114F1861-06E1-4AE8-814B-AA0A3CCC7E50}
	EndProjectSection
EndProject
Project("{8BC9CEB8-8B4A-11D0-8D11-00A0C91BC942}") = "liblas_test", "test\unit\liblas_test.vcxproj", "{649E3EA6-6507-4E4E-AD0F-012F529FE92F}"
	ProjectSection(ProjectDependencies) = postProject
		{114F1861-06E1-4AE8-814B-AA0A3CCC7E50} = {114F1861-06E1-4AE8-814B-AA0A3CCC7E50}
	EndProjectSection
EndProject
Project("{8BC9CEB8-8B4A-11D0-8D11-00A0C91BC942}") = "ts2las", "apps\ts2las.vcxproj", "{53245C46-097A-4199-B88E-E44FBD839BB8}"
	ProjectSection(ProjectDependencies) = postProject
		{114F1861-06E1-4AE8-814B-AA0A3CCC7E50} = {114F1861-06E1-4AE8-814B-AA0A3CCC7E50}
	EndProjectSection
EndProject
Project("{8BC9CEB8-8B4A-11D0-8D11-00A0C91BC942}") = "txt2las", "apps\txt2las.vcxproj", "{A22EBB76-427F-45EF-A1BF-B5483C2B876A}"
	ProjectSection(ProjectDependencies) = postProject
		{114F1861-06E1-4AE8-814B-AA0A3CCC7E50} = {114F1861-06E1-4AE8-814B-AA0A3CCC7E50}
		{7EB14F6A-4092-41BA-B95E-676D83560A4C} = {7EB14F6A-4092-41BA-B95E-676D83560A4C}
	EndProjectSection
EndProject
Global
	GlobalSection(SolutionConfigurationPlatforms) = preSolution
		Debug|Win32 = Debug|Win32
		Debug|x64 = Debug|x64
		Release|Win32 = Release|Win32
		Release|x64 = Release|x64
		vs2010_Debug|Win32 = vs2010_Debug|Win32
		vs2010_Debug|x64 = vs2010_Debug|x64
		vs2010_Release|Win32 = vs2010_Release|Win32
		vs2010_Release|x64 = vs2010_Release|x64
		vs2012_Debug|Win32 = vs2012_Debug|Win32
		vs2012_Debug|x64 = vs2012_Debug|x64
		vs2012_Release|Win32 = vs2012_Release|Win32
		vs2012_Release|x64 = vs2012_Release|x64
		vs2015_Debug|Win32 = vs2015_Debug|Win32
		vs2015_Debug|x64 = vs2015_Debug|x64
		vs2015_Release|Win32 = vs2015_Release|Win32
		vs2015_Release|x64 = vs2015_Release|x64
		vs2017_Debug|Win32 = vs2017_Debug|Win32
		vs2017_Debug|x64 = vs2017_Debug|x64
		vs2017_Release|Win32 = vs2017_Release|Win32
		vs2017_Release|x64 = vs2017_Release|x64
	EndGlobalSection
	GlobalSection(ProjectConfigurationPlatforms) = postSolution
		{2BEF598A-B271-4145-AAE2-9637594F5864}.Debug|Win32.ActiveCfg = Debug|Win32
		{2BEF598A-B271-4145-AAE2-9637594F5864}.Debug|Win32.Build.0 = Debug|Win32
		{2BEF598A-B271-4145-AAE2-9637594F5864}.Debug|x64.ActiveCfg = Debug|x64
		{2BEF598A-B271-4145-AAE2-9637594F5864}.Debug|x64.Build.0 = Debug|x64
		{2BEF598A-B271-4145-AAE2-9637594F5864}.Release|Win32.ActiveCfg = Release|Win32
		{2BEF598A-B271-4145-AAE2-9637594F5864}.Release|Win32.Build.0 = Release|Win32
		{2BEF598A-B271-4145-AAE2-9637594F5864}.Release|x64.ActiveCfg = Release|x64
		{2BEF598A-B271-4145-AAE2-9637594F5864}.Release|x64.Build.0 = Release|x64
		{2BEF598A-B271-4145-AAE2-9637594F5864}.vs2010_Debug|Win32.ActiveCfg = vs2010_Debug|Win32
		{2BEF598A-B271-4145-AAE2-9637594F5864}.vs2010_Debug|Win32.Build.0 = vs2010_Debug|Win32
		{2BEF598A-B271-4145-AAE2-9637594F5864}.vs2010_Debug|x64.ActiveCfg = vs2010_Debug|x64
		{2BEF598A-B271-4145-AAE2-9637594F5864}.vs2010_Debug|x64.Build.0 = vs2010_Debug|x64
		{2BEF598A-B271-4145-AAE2-9637594F5864}.vs2010_Release|Win32.ActiveCfg = vs2010_Release|Win32
		{2BEF598A-B271-4145-AAE2-9637594F5864}.vs2010_Release|Win32.Build.0 = vs2010_Release|Win32
		{2BEF598A-B271-4145-AAE2-9637594F5864}.vs2010_Release|x64.ActiveCfg = vs2010_Release|x64
		{2BEF598A-B271-4145-AAE2-9637594F5864}.vs2010_Release|x64.Build.0 = vs2010_Release|x64
		{2BEF598A-B271-4145-AAE2-9637594F5864}.vs2012_Debug|Win32.ActiveCfg = vs2012_Debug|Win32
		{2BEF598A-B271-4145-AAE2-9637594F5864}.vs2012_Debug|Win32.Build.0 = vs2012_Debug|Win32
		{2BEF598A-B271-4145-AAE2-9637594F5864}.vs2012_Debug|x64.ActiveCfg = vs2012_Debug|x64
		{2BEF598A-B271-4145-AAE2-9637594F5864}.vs2012_Debug|x64.Build.0 = vs2012_Debug|x64
		{2BEF598A-B271-4145-AAE2-9637594F5864}.vs2012_Release|Win32.ActiveCfg = vs2012_Release|Win32
		{2BEF598A-B271-4145-AAE2-9637594F5864}.vs2012_Release|Win32.Build.0 = vs2012_Release|Win32
		{2BEF598A-B271-4145-AAE2-9637594F5864}.vs2012_Release|x64.ActiveCfg = vs2012_Release|x64
		{2BEF598A-B271-4145-AAE2-9637594F5864}.vs2012_Release|x64.Build.0 = vs2012_Release|x64
		{2BEF598A-B271-4145-AAE2-9637594F5864}.vs2015_Debug|Win32.ActiveCfg = vs2015_Debug|Win32
		{2BEF598A-B271-4145-AAE2-9637594F5864}.vs2015_Debug|Win32.Build.0 = vs2015_Debug|Win32
		{2BEF598A-B271-4145-AAE2-9637594F5864}.vs2015_Debug|x64.ActiveCfg = vs2015_Debug|x64
		{2BEF598A-B271-4145-AAE2-9637594F5864}.vs2015_Debug|x64.Build.0 = vs2015_Debug|x64
		{2BEF598A-B271-4145-AAE2-9637594F5864}.vs2015_Release|Win32.ActiveCfg = vs2015_Release|Win32
		{2BEF598A-B271-4145-AAE2-9637594F5864}.vs2015_Release|Win32.Build.0 = vs2015_Release|Win32
		{2BEF598A-B271-4145-AAE2-9637594F5864}.vs2015_Release|x64.ActiveCfg = vs2015_Release|x64
		{2BEF598A-B271-4145-AAE2-9637594F5864}.vs2015_Release|x64.Build.0 = vs2015_Release|x64
		{2BEF598A-B271-4145-AAE2-9637594F5864}.vs2017_Debug|Win32.ActiveCfg = vs2017_Debug|Win32
		{2BEF598A-B271-4145-AAE2-9637594F5864}.vs2017_Debug|Win32.Build.0 = vs2017_Debug|Win32
		{2BEF598A-B271-4145-AAE2-9637594F5864}.vs2017_Debug|x64.ActiveCfg = vs2017_Debug|x64
		{2BEF598A-B271-4145-AAE2-9637594F5864}.vs2017_Debug|x64.Build.0 = vs2017_Debug|x64
		{2BEF598A-B271-4145-AAE2-9637594F5864}.vs2017_Release|Win32.ActiveCfg = vs2017_Release|Win32
		{2BEF598A-B271-4145-AAE2-9637594F5864}.vs2017_Release|Win32.Build.0 = vs2017_Release|Win32
		{2BEF598A-B271-4145-AAE2-9637594F5864}.vs2017_Release|x64.ActiveCfg = vs2017_Release|x64
		{2BEF598A-B271-4145-AAE2-9637594F5864}.vs2017_Release|x64.Build.0 = vs2017_Release|x64
		{E10C23C8-FF26-4A63-836D-FDD9A63EAB14}.Debug|Win32.ActiveCfg = Debug|Win32
		{E10C23C8-FF26-4A63-836D-FDD9A63EAB14}.Debug|Win32.Build.0 = Debug|Win32
		{E10C23C8-FF26-4A63-836D-FDD9A63EAB14}.Debug|x64.ActiveCfg = Debug|x64
		{E10C23C8-FF26-4A63-836D-FDD9A63EAB14}.Debug|x64.Build.0 = Debug|x64
		{E10C23C8-FF26-4A63-836D-FDD9A63EAB14}.Release|Win32.ActiveCfg = Release|Win32
		{E10C23C8-FF26-4A63-836D-FDD9A63EAB14}.Release|Win32.Build.0 = Release|Win32
		{E10C23C8-FF26-4A63-836D-FDD9A63EAB14}.Release|x64.ActiveCfg = Release|x64
		{E10C23C8-FF26-4A63-836D-FDD9A63EAB14}.Release|x64.Build.0 = Release|x64
		{E10C23C8-FF26-4A63-836D-FDD9A63EAB14}.vs2010_Debug|Win32.ActiveCfg = vs2010_Debug|Win32
		{E10C23C8-FF26-4A63-836D-FDD9A63EAB14}.vs2010_Debug|Win32.Build.0 = vs2010_Debug|Win32
		{E10C23C8-FF26-4A63-836D-FDD9A63EAB14}.vs2010_Debug|x64.ActiveCfg = vs2010_Debug|x64
		{E10C23C8-FF26-4A63-836D-FDD9A63EAB14}.vs2010_Debug|x64.Build.0 = vs2010_Debug|x64
		{E10C23C8-FF26-4A63-836D-FDD9A63EAB14}.vs2010_Release|Win32.ActiveCfg = vs2010_Release|Win32
		{E10C23C8-FF26-4A63-836D-FDD9A63EAB14}.vs2010_Release|Win32.Build.0 = vs2010_Release|Win32
		{E10C23C8-FF26-4A63-836D-FDD9A63EAB14}.vs2010_Release|x64.ActiveCfg = vs2010_Release|x64
		{E10C23C8-FF26-4A63-836D-FDD9A63EAB14}.vs2010_Release|x64.Build.0 = vs2010_Release|x64
		{E10C23C8-FF26-4A63-836D-FDD9A63EAB14}.vs2012_Debug|Win32.ActiveCfg = vs2012_Debug|Win32
		{E10C23C8-FF26-4A63-836D-FDD9A63EAB14}.vs2012_Debug|Win32.Build.0 = vs2012_Debug|Win32
		{E10C23C8-FF26-4A63-836D-FDD9A63EAB14}.vs2012_Debug|x64.ActiveCfg = vs2012_Debug|x64
		{E10C23C8-FF26-4A63-836D-FDD9A63EAB14}.vs2012_Debug|x64.Build.0 = vs2012_Debug|x64
		{E10C23C8-FF26-4A63-836D-FDD9A63EAB14}.vs2012_Release|Win32.ActiveCfg = vs2012_Release|Win32
		{E10C23C8-FF26-4A63-836D-FDD9A63EAB14}.vs2012_Release|Win32.Build.0 = vs2012_Release|Win32
		{E10C23C8-FF26-4A63-836D-FDD9A63EAB14}.vs2012_Release|x64.ActiveCfg = vs2012_Release|x64
		{E10C23C8-FF26-4A63-836D-FDD9A63EAB14}.vs2012_Release|x64.Build.0 = vs2012_Release|x64
		{E10C23C8-FF26-4A63-836D-FDD9A63EAB14}.vs2015_Debug|Win32.ActiveCfg = vs2015_Debug|Win32
		{E10C23C8-FF26-4A63-836D-FDD9A63EAB14}.vs2015_Debug|Win32.Build.0 = vs2015_Debug|Win32
		{E10C23C8-FF26-4A63-836D-FDD9A63EAB14}.vs2015_Debug|x64.ActiveCfg = vs2015_Debug|x64
		{E10C23C8-FF26-4A63-836D-FDD9A63EAB14}.vs2015_Debug|x64.Build.0 = vs2015_Debug|x64
		{E10C23C8-FF26-4A63-836D-FDD9A63EAB14}.vs2015_Release|Win32.ActiveCfg = vs2015_Release|Win32
		{E10C23C8-FF26-4A63-836D-FDD9A63EAB14}.vs2015_Release|Win32.Build.0 = vs2015_Release|Win32
		{E10C23C8-FF26-4A63-836D-FDD9A63EAB14}.vs2015_Release|x64.ActiveCfg = vs2015_Release|x64
		{E10C23C8-FF26-4A63-836D-FDD9A63EAB14}.vs2015_Release|x64.Build.0 = vs2015_Release|x64
		{E10C23C8-FF26-4A63-836D-FDD9A63EAB14}.vs2017_Debug|Win32.ActiveCfg = vs2017_Debug|Win32
		{E10C23C8-FF26-4A63-836D-FDD9A63EAB14}.vs2017_Debug|Win32.Build.0 = vs2017_Debug|Win32
		{E10C23C8-FF26-4A63-836D-FDD9A63EAB14}.vs2017_Debug|x64.ActiveCfg = vs2017_Debug|x64
		{E10C23C8-FF26-4A63-836D-FDD9A63EAB14}.vs2017_Debug|x64.Build.0 = vs2017_Debug|x64
		{E10C23C8-FF26-4A63-836D-FDD9A63EAB14}.vs2017_Release|Win32.ActiveCfg = vs2017_Release|Win32
		{E10C23C8-FF26-4A63-836D-FDD9A63EAB14}.vs2017_Release|Win32.Build.0 = vs2017_Release|Win32
		{E10C23C8-FF26-4A63-836D-FDD9A63EAB14}.vs2017_Release|x64.ActiveCfg = vs2017_Release|x64
		{E10C23C8-FF26-4A63-836D-FDD9A63EAB14}.vs2017_Release|x64.Build.0 = vs2017_Release|x64
		{6E598307-4FC3-4A13-B74D-3178D07FFEDC}.Debug|Win32.ActiveCfg = Debug|Win32
		{6E598307-4FC3-4A13-B74D-3178D07FFEDC}.Debug|Win32.Build.0 = Debug|Win32
		{6E598307-4FC3-4A13-B74D-3178D07FFEDC}.Debug|x64.ActiveCfg = Debug|x64
		{6E598307-4FC3-4A13-B74D-3178D07FFEDC}.Debug|x64.Build.0 = Debug|x64
		{6E598307-4FC3-4A13-B74D-3178D07FFEDC}.Release|Win32.ActiveCfg = Release|Win32
		{6E598307-4FC3-4A13-B74D-3178D07FFEDC}.Release|Win32.Build.0 = Release|Win32
		{6E598307-4FC3-4A13-B74D-3178D07FFEDC}.Release|x64.ActiveCfg = Release|x64
		{6E598307-4FC3-4A13-B74D-3178D07FFEDC}.Release|x64.Build.0 = Release|x64
		{6E598307-4FC3-4A13-B74D-3178D07FFEDC}.vs2010_Debug|Win32.ActiveCfg = vs2010_Debug|Win32
		{6E598307-4FC3-4A13-B74D-3178D07FFEDC}.vs2010_Debug|Win32.Build.0 = vs2010_Debug|Win32
		{6E598307-4FC3-4A13-B74D-3178D07FFEDC}.vs2010_Debug|x64.ActiveCfg = vs2010_Debug|x64
		{6E598307-4FC3-4A13-B74D-3178D07FFEDC}.vs2010_Debug|x64.Build.0 = vs2010_Debug|x64
		{6E598307-4FC3-4A13-B74D-3178D07FFEDC}.vs2010_Release|Win32.ActiveCfg = vs2010_Release|Win32
		{6E598307-4FC3-4A13-B74D-3178D07FFEDC}.vs2010_Release|Win32.Build.0 = vs2010_Release|Win32
		{6E598307-4FC3-4A13-B74D-3178D07FFEDC}.vs2010_Release|x64.ActiveCfg = vs2010_Release|x64
		{6E598307-4FC3-4A13-B74D-3178D07FFEDC}.vs2010_Release|x64.Build.0 = vs2010_Release|x64
		{6E598307-4FC3-4A13-B74D-3178D07FFEDC}.vs2012_Debug|Win32.ActiveCfg = vs2012_Debug|Win32
		{6E598307-4FC3-4A13-B74D-3178D07FFEDC}.vs2012_Debug|Win32.Build.0 = vs2012_Debug|Win32
		{6E598307-4FC3-4A13-B74D-3178D07FFEDC}.vs2012_Debug|x64.ActiveCfg = vs2012_Debug|x64
		{6E598307-4FC3-4A13-B74D-3178D07FFEDC}.vs2012_Debug|x64.Build.0 = vs2012_Debug|x64
		{6E598307-4FC3-4A13-B74D-3178D07FFEDC}.vs2012_Release|Win32.ActiveCfg = vs2012_Release|Win32
		{6E598307-4FC3-4A13-B74D-3178D07FFEDC}.vs2012_Release|Win32.Build.0 = vs2012_Release|Win32
		{6E598307-4FC3-4A13-B74D-3178D07FFEDC}.vs2012_Release|x64.ActiveCfg = vs2012_Release|x64
		{6E598307-4FC3-4A13-B74D-3178D07FFEDC}.vs2012_Release|x64.Build.0 = vs2012_Release|x64
		{6E598307-4FC3-4A13-B74D-3178D07FFEDC}.vs2015_Debug|Win32.ActiveCfg = vs2015_Debug|Win32
		{6E598307-4FC3-4A13-B74D-3178D07FFEDC}.vs2015_Debug|Win32.Build.0 = vs2015_Debug|Win32
		{6E598307-4FC3-4A13-B74D-3178D07FFEDC}.vs2015_Debug|x64.ActiveCfg = vs2015_Debug|x64
		{6E598307-4FC3-4A13-B74D-3178D07FFEDC}.vs2015_Debug|x64.Build.0 = vs2015_Debug|x64
		{6E598307-4FC3-4A13-B74D-3178D07FFEDC}.vs2015_Release|Win32.ActiveCfg = vs2015_Release|Win32
		{6E598307-4FC3-4A13-B74D-3178D07FFEDC}.vs2015_Release|Win32.Build.0 = vs2015_Release|Win32
		{6E598307-4FC3-4A13-B74D-3178D07FFEDC}.vs2015_Release|x64.ActiveCfg = vs2015_Release|x64
		{6E598307-4FC3-4A13-B74D-3178D07FFEDC}.vs2015_Release|x64.Build.0 = vs2015_Release|x64
		{6E598307-4FC3-4A13-B74D-3178D07FFEDC}.vs2017_Debug|Win32.ActiveCfg = vs2017_Debug|Win32
		{6E598307-4FC3-4A13-B74D-3178D07FFEDC}.vs2017_Debug|Win32.Build.0 = vs2017_Debug|Win32
		{6E598307-4FC3-4A13-B74D-3178D07FFEDC}.vs2017_Debug|x64.ActiveCfg = vs2017_Debug|x64
		{6E598307-4FC3-4A13-B74D-3178D07FFEDC}.vs2017_Debug|x64.Build.0 = vs2017_Debug|x64
		{6E598307-4FC3-4A13-B74D-3178D07FFEDC}.vs2017_Release|Win32.ActiveCfg = vs2017_Release|Win32
		{6E598307-4FC3-4A13-B74D-3178D07FFEDC}.vs2017_Release|Win32.Build.0 = vs2017_Release|Win32
		{6E598307-4FC3-4A13-B74D-3178D07FFEDC}.vs2017_Release|x64.ActiveCfg = vs2017_Release|x64
		{6E598307-4FC3-4A13-B74D-3178D07FFEDC}.vs2017_Release|x64.Build.0 = vs2017_Release|x64
		{4C3DDCB2-B377-4B73-A767-63B67FE9686C}.Debug|Win32.ActiveCfg = Debug|Win32
		{4C3DDCB2-B377-4B73-A767-63B67FE9686C}.Debug|Win32.Build.0 = Debug|Win32
		{4C3DDCB2-B377-4B73-A767-63B67FE9686C}.Debug|x64.ActiveCfg = Debug|x64
		{4C3DDCB2-B377-4B73-A767-63B67FE9686C}.Debug|x64.Build.0 = Debug|x64
		{4C3DDCB2-B377-4B73-A767-63B67FE9686C}.Release|Win32.ActiveCfg = Release|Win32
		{4C3DDCB2-B377-4B73-A767-63B67FE9686C}.Release|Win32.Build.0 = Release|Win32
		{4C3DDCB2-B377-4B73-A767-63B67FE9686C}.Release|x64.ActiveCfg = Release|x64
		{4C3DDCB2-B377-4B73-A767-63B67FE9686C}.Release|x64.Build.0 = Release|x64
		{4C3DDCB2-B377-4B73-A767-63B67FE9686C}.vs2010_Debug|Win32.ActiveCfg = vs2010_Debug|Win32
		{4C3DDCB2-B377-4B73-A767-63B67FE9686C}.vs2010_Debug|Win32.Build.0 = vs2010_Debug|Win32
		{4C3DDCB2-B377-4B73-A767-63B67FE9686C}.vs2010_Debug|x64.ActiveCfg = vs2010_Debug|x64
		{4C3DDCB2-B377-4B73-A767-63B67FE9686C}.vs2010_Debug|x64.Build.0 = vs2010_Debug|x64
		{4C3DDCB2-B377-4B73-A767-63B67FE9686C}.vs2010_Release|Win32.ActiveCfg = vs2010_Release|Win32
		{4C3DDCB2-B377-4B73-A767-63B67FE9686C}.vs2010_Release|Win32.Build.0 = vs2010_Release|Win32
		{4C3DDCB2-B377-4B73-A767-63B67FE9686C}.vs2010_Release|x64.ActiveCfg = vs2010_Release|x64
		{4C3DDCB2-B377-4B73-A767-63B67FE9686C}.vs2010_Release|x64.Build.0 = vs2010_Release|x64
		{4C3DDCB2-B377-4B73-A767-63B67FE9686C}.vs2012_Debug|Win32.ActiveCfg = vs2012_Debug|Win32
		{4C3DDCB2-B377-4B73-A767-63B67FE9686C}.vs2012_Debug|Win32.Build.0 = vs2012_Debug|Win32
		{4C3DDCB2-B377-4B73-A767-63B67FE9686C}.vs2012_Debug|x64.ActiveCfg = vs2012_Debug|x64
		{4C3DDCB2-B377-4B73-A767-63B67FE9686C}.vs2012_Debug|x64.Build.0 = vs2012_Debug|x64
		{4C3DDCB2-B377-4B73-A767-63B67FE9686C}.vs2012_Release|Win32.ActiveCfg = vs2012_Release|Win32
		{4C3DDCB2-B377-4B73-A767-63B67FE9686C}.vs2012_Release|Win32.Build.0 = vs2012_Release|Win32
		{4C3DDCB2-B377-4B73-A767-63B67FE9686C}.vs2012_Release|x64.ActiveCfg = vs2012_Release|x64
		{4C3DDCB2-B377-4B73-A767-63B67FE9686C}.vs2012_Release|x64.Build.0 = vs2012_Release|x64
		{4C3DDCB2-B377-4B73-A767-63B67FE9686C}.vs2015_Debug|Win32.ActiveCfg = vs2015_Debug|Win32
		{4C3DDCB2-B377-4B73-A767-63B67FE9686C}.vs2015_Debug|Win32.Build.0 = vs2015_Debug|Win32
		{4C3DDCB2-B377-4B73-A767-63B67FE9686C}.vs2015_Debug|x64.ActiveCfg = vs2015_Debug|x64
		{4C3DDCB2-B377-4B73-A767-63B67FE9686C}.vs2015_Debug|x64.Build.0 = vs2015_Debug|x64
		{4C3DDCB2-B377-4B73-A767-63B67FE9686C}.vs2015_Release|Win32.ActiveCfg = vs2015_Release|Win32
		{4C3DDCB2-B377-4B73-A767-63B67FE9686C}.vs2015_Release|Win32.Build.0 = vs2015_Release|Win32
		{4C3DDCB2-B377-4B73-A767-63B67FE9686C}.vs2015_Release|x64.ActiveCfg = vs2015_Release|x64
		{4C3DDCB2-B377-4B73-A767-63B67FE9686C}.vs2015_Release|x64.Build.0 = vs2015_Release|x64
		{4C3DDCB2-B377-4B73-A767-63B67FE9686C}.vs2017_Debug|Win32.ActiveCfg = vs2017_Debug|Win32
		{4C3DDCB2-B377-4B73-A767-63B67FE9686C}.vs2017_Debug|Win32.Build.0 = vs2017_Debug|Win32
		{4C3DDCB2-B377-4B73-A767-63B67FE9686C}.vs2017_Debug|x64.ActiveCfg = vs2017_Debug|x64
		{4C3DDCB2-B377-4B73-A767-63B67FE9686C}.vs2017_Debug|x64.Build.0 = vs2017_Debug|x64
		{4C3DDCB2-B377-4B73-A767-63B67FE9686C}.vs2017_Release|Win32.ActiveCfg = vs2017_Release|Win32
		{4C3DDCB2-B377-4B73-A767-63B67FE9686C}.vs2017_Release|Win32.Build.0 = vs2017_Release|Win32
		{4C3DDCB2-B377-4B73-A767-63B67FE9686C}.vs2017_Release|x64.ActiveCfg = vs2017_Release|x64
		{4C3DDCB2-B377-4B73-A767-63B67FE9686C}.vs2017_Release|x64.Build.0 = vs2017_Release|x64
		{D358C457-70CA-4633-847C-CAD10DB8E926}.Debug|Win32.ActiveCfg = Debug|Win32
		{D358C457-70CA-4633-847C-CAD10DB8E926}.Debug|Win32.Build.0 = Debug|Win32
		{D358C457-70CA-4633-847C-CAD10DB8E926}.Debug|x64.ActiveCfg = Debug|x64
		{D358C457-70CA-4633-847C-CAD10DB8E926}.Debug|x64.Build.0 = Debug|x64
		{D358C457-70CA-4633-847C-CAD10DB8E926}.Release|Win32.ActiveCfg = Release|Win32
		{D358C457-70CA-4633-847C-CAD10DB8E926}.Release|Win32.Build.0 = Release|Win32
		{D358C457-70CA-4633-847C-CAD10DB8E926}.Release|x64.ActiveCfg = Release|x64
		{D358C457-70CA-4633-847C-CAD10DB8E926}.Release|x64.Build.0 = Release|x64
		{D358C457-70CA-4633-847C-CAD10DB8E926}.vs2010_Debug|Win32.ActiveCfg = vs2010_Debug|Win32
		{D358C457-70CA-4633-847C-CAD10DB8E926}.vs2010_Debug|Win32.Build.0 = vs2010_Debug|Win32
		{D358C457-70CA-4633-847C-CAD10DB8E926}.vs2010_Debug|x64.ActiveCfg = vs2010_Debug|x64
		{D358C457-70CA-4633-847C-CAD10DB8E926}.vs2010_Debug|x64.Build.0 = vs2010_Debug|x64
		{D358C457-70CA-4633-847C-CAD10DB8E926}.vs2010_Release|Win32.ActiveCfg = vs2010_Release|Win32
		{D358C457-70CA-4633-847C-CAD10DB8E926}.vs2010_Release|Win32.Build.0 = vs2010_Release|Win32
		{D358C457-70CA-4633-847C-CAD10DB8E926}.vs2010_Release|x64.ActiveCfg = vs2010_Release|x64
		{D358C457-70CA-4633-847C-CAD10DB8E926}.vs2010_Release|x64.Build.0 = vs2010_Release|x64
		{D358C457-70CA-4633-847C-CAD10DB8E926}.vs2012_Debug|Win32.ActiveCfg = vs2012_Debug|Win32
		{D358C457-70CA-4633-847C-CAD10DB8E926}.vs2012_Debug|Win32.Build.0 = vs2012_Debug|Win32
		{D358C457-70CA-4633-847C-CAD10DB8E926}.vs2012_Debug|x64.ActiveCfg = vs2012_Debug|x64
		{D358C457-70CA-4633-847C-CAD10DB8E926}.vs2012_Debug|x64.Build.0 = vs2012_Debug|x64
		{D358C457-70CA-4633-847C-CAD10DB8E926}.vs2012_Release|Win32.ActiveCfg = vs2012_Release|Win32
		{D358C457-70CA-4633-847C-CAD10DB8E926}.vs2012_Release|Win32.Build.0 = vs2012_Release|Win32
		{D358C457-70CA-4633-847C-CAD10DB8E926}.vs2012_Release|x64.ActiveCfg = vs2012_Release|x64
		{D358C457-70CA-4633-847C-CAD10DB8E926}.vs2012_Release|x64.Build.0 = vs2012_Release|x64
		{D358C457-70CA-4633-847C-CAD10DB8E926}.vs2015_Debug|Win32.ActiveCfg = vs2015_Debug|Win32
		{D358C457-70CA-4633-847C-CAD10DB8E926}.vs2015_Debug|Win32.Build.0 = vs2015_Debug|Win32
		{D358C457-70CA-4633-847C-CAD10DB8E926}.vs2015_Debug|x64.ActiveCfg = vs2015_Debug|x64
		{D358C457-70CA-4633-847C-CAD10DB8E926}.vs2015_Debug|x64.Build.0 = vs2015_Debug|x64
		{D358C457-70CA-4633-847C-CAD10DB8E926}.vs2015_Release|Win32.ActiveCfg = vs2015_Release|Win32
		{D358C457-70CA-4633-847C-CAD10DB8E926}.vs2015_Release|Win32.Build.0 = vs2015_Release|Win32
		{D358C457-70CA-4633-847C-CAD10DB8E926}.vs2015_Release|x64.ActiveCfg = vs2015_Release|x64
		{D358C457-70CA-4633-847C-CAD10DB8E926}.vs2015_Release|x64.Build.0 = vs2015_Release|x64
		{D358C457-70CA-4633-847C-CAD10DB8E926}.vs2017_Debug|Win32.ActiveCfg = vs2017_Debug|Win32
		{D358C457-70CA-4633-847C-CAD10DB8E926}.vs2017_Debug|Win32.Build.0 = vs2017_Debug|Win32
		{D358C457-70CA-4633-847C-CAD10DB8E926}.vs2017_Debug|x64.ActiveCfg = vs2017_Debug|x64
		{D358C457-70CA-4633-847C-CAD10DB8E926}.vs2017_Debug|x64.Build.0 = vs2017_Debug|x64
		{D358C457-70CA-4633-847C-CAD10DB8E926}.vs2017_Release|Win32.ActiveCfg = vs2017_Release|Win32
		{D358C457-70CA-4633-847C-CAD10DB8E926}.vs2017_Release|Win32.Build.0 = vs2017_Release|Win32
		{D358C457-70CA-4633-847C-CAD10DB8E926}.vs2017_Release|x64.ActiveCfg = vs2017_Release|x64
		{D358C457-70CA-4633-847C-CAD10DB8E926}.vs2017_Release|x64.Build.0 = vs2017_Release|x64
		{BC4266AF-D034-44CE-9F51-0A88CBB279E1}.Debug|Win32.ActiveCfg = Debug|Win32
		{BC4266AF-D034-44CE-9F51-0A88CBB279E1}.Debug|Win32.Build.0 = Debug|Win32
		{BC4266AF-D034-44CE-9F51-0A88CBB279E1}.Debug|x64.ActiveCfg = Debug|x64
		{BC4266AF-D034-44CE-9F51-0A88CBB279E1}.Debug|x64.Build.0 = Debug|x64
		{BC4266AF-D034-44CE-9F51-0A88CBB279E1}.Release|Win32.ActiveCfg = Release|Win32
		{BC4266AF-D034-44CE-9F51-0A88CBB279E1}.Release|Win32.Build.0 = Release|Win32
		{BC4266AF-D034-44CE-9F51-0A88CBB279E1}.Release|x64.ActiveCfg = Release|x64
		{BC4266AF-D034-44CE-9F51-0A88CBB279E1}.Release|x64.Build.0 = Release|x64
		{BC4266AF-D034-44CE-9F51-0A88CBB279E1}.vs2010_Debug|Win32.ActiveCfg = vs2010_Debug|Win32
		{BC4266AF-D034-44CE-9F51-0A88CBB279E1}.vs2010_Debug|Win32.Build.0 = vs2010_Debug|Win32
		{BC4266AF-D034-44CE-9F51-0A88CBB279E1}.vs2010_Debug|x64.ActiveCfg = vs2010_Debug|x64
		{BC4266AF-D034-44CE-9F51-0A88CBB279E1}.vs2010_Debug|x64.Build.0 = vs2010_Debug|x64
		{BC4266AF-D034-44CE-9F51-0A88CBB279E1}.vs2010_Release|Win32.ActiveCfg = vs2010_Release|Win32
		{BC4266AF-D034-44CE-9F51-0A88CBB279E1}.vs2010_Release|Win32.Build.0 = vs2010_Release|Win32
		{BC4266AF-D034-44CE-9F51-0A88CBB279E1}.vs2010_Release|x64.ActiveCfg = vs2010_Release|x64
		{BC4266AF-D034-44CE-9F51-0A88CBB279E1}.vs2010_Release|x64.Build.0 = vs2010_Release|x64
		{BC4266AF-D034-44CE-9F51-0A88CBB279E1}.vs2012_Debug|Win32.ActiveCfg = vs2012_Debug|Win32
		{BC4266AF-D034-44CE-9F51-0A88CBB279E1}.vs2012_Debug|Win32.Build.0 = vs2012_Debug|Win32
		{BC4266AF-D034-44CE-9F51-0A88CBB279E1}.vs2012_Debug|x64.ActiveCfg = vs2012_Debug|x64
		{BC4266AF-D034-44CE-9F51-0A88CBB279E1}.vs2012_Debug|x64.Build.0 = vs2012_Debug|x64
		{BC4266AF-D034-44CE-9F51-0A88CBB279E1}.vs2012_Release|Win32.ActiveCfg = vs2012_Release|Win32
		{BC4266AF-D034-44CE-9F51-0A88CBB279E1}.vs2012_Release|Win32.Build.0 = vs2012_Release|Win32
		{BC4266AF-D034-44CE-9F51-0A88CBB279E1}.vs2012_Release|x64.ActiveCfg = vs2012_Release|x64
		{BC4266AF-D034-44CE-9F51-0A88CBB279E1}.vs2012_Release|x64.Build.0 = vs2012_Release|x64
		{BC4266AF-D034-44CE-9F51-0A88CBB279E1}.vs2015_Debug|Win32.ActiveCfg = vs2015_Debug|Win32
		{BC4266AF-D034-44CE-9F51-0A88CBB279E1}.vs2015_Debug|Win32.Build.0 = vs2015_Debug|Win32
		{BC4266AF-D034-44CE-9F51-0A88CBB279E1}.vs2015_Debug|x64.ActiveCfg = vs2015_Debug|x64
		{BC4266AF-D034-44CE-9F51-0A88CBB279E1}.vs2015_Debug|x64.Build.0 = vs2015_Debug|x64
		{BC4266AF-D034-44CE-9F51-0A88CBB279E1}.vs2015_Release|Win32.ActiveCfg = vs2015_Release|Win32
		{BC4266AF-D034-44CE-9F51-0A88CBB279E1}.vs2015_Release|Win32.Build.0 = vs2015_Release|Win32
		{BC4266AF-D034-44CE-9F51-0A88CBB279E1}.vs2015_Release|x64.ActiveCfg = vs2015_Release|x64
		{BC4266AF-D034-44CE-9F51-0A88CBB279E1}.vs2015_Release|x64.Build.0 = vs2015_Release|x64
		{BC4266AF-D034-44CE-9F51-0A88CBB279E1}.vs2017_Debug|Win32.ActiveCfg = vs2017_Debug|Win32
		{BC4266AF-D034-44CE-9F51-0A88CBB279E1}.vs2017_Debug|Win32.Build.0 = vs2017_Debug|Win32
		{BC4266AF-D034-44CE-9F51-0A88CBB279E1}.vs2017_Debug|x64.ActiveCfg = vs2017_Debug|x64
		{BC4266AF-D034-44CE-9F51-0A88CBB279E1}.vs2017_Debug|x64.Build.0 = vs2017_Debug|x64
		{BC4266AF-D034-44CE-9F51-0A88CBB279E1}.vs2017_Release|Win32.ActiveCfg = vs2017_Release|Win32
		{BC4266AF-D034-44CE-9F51-0A88CBB279E1}.vs2017_Release|Win32.Build.0 = vs2017_Release|Win32
		{BC4266AF-D034-44CE-9F51-0A88CBB279E1}.vs2017_Release|x64.ActiveCfg = vs2017_Release|x64
		{BC4266AF-D034-44CE-9F51-0A88CBB279E1}.vs2017_Release|x64.Build.0 = vs2017_Release|x64
		{10EB0331-E5C1-46D6-97E6-1A113C2C9D70}.Debug|Win32.ActiveCfg = Debug|Win32
		{10EB0331-E5C1-46D6-97E6-1A113C2C9D70}.Debug|Win32.Build.0 = Debug|Win32
		{10EB0331-E5C1-46D6-97E6-1A113C2C9D70}.Debug|x64.ActiveCfg = Debug|x64
		{10EB0331-E5C1-46D6-97E6-1A113C2C9D70}.Debug|x64.Build.0 = Debug|x64
		{10EB0331-E5C1-46D6-97E6-1A113C2C9D70}.Release|Win32.ActiveCfg = Release|Win32
		{10EB0331-E5C1-46D6-97E6-1A113C2C9D70}.Release|Win32.Build.0 = Release|Win32
		{10EB0331-E5C1-46D6-97E6-1A113C2C9D70}.Release|x64.ActiveCfg = Release|x64
		{10EB0331-E5C1-46D6-97E6-1A113C2C9D70}.Release|x64.Build.0 = Release|x64
		{10EB0331-E5C1-46D6-97E6-1A113C2C9D70}.vs2010_Debug|Win32.ActiveCfg = vs2010_Debug|Win32
		{10EB0331-E5C1-46D6-97E6-1A113C2C9D70}.vs2010_Debug|Win32.Build.0 = vs2010_Debug|Win32
		{10EB0331-E5C1-46D6-97E6-1A113C2C9D70}.vs2010_Debug|x64.ActiveCfg = vs2010_Debug|x64
		{10EB0331-E5C1-46D6-97E6-1A113C2C9D70}.vs2010_Debug|x64.Build.0 = vs2010_Debug|x64
		{10EB0331-E5C1-46D6-97E6-1A113C2C9D70}.vs2010_Release|Win32.ActiveCfg = vs2010_Release|Win32
		{10EB0331-E5C1-46D6-97E6-1A113C2C9D70}.vs2010_Release|Win32.Build.0 = vs2010_Release|Win32
		{10EB0331-E5C1-46D6-97E6-1A113C2C9D70}.vs2010_Release|x64.ActiveCfg = vs2010_Release|x64
		{10EB0331-E5C1-46D6-97E6-1A113C2C9D70}.vs2010_Release|x64.Build.0 = vs2010_Release|x64
		{10EB0331-E5C1-46D6-97E6-1A113C2C9D70}.vs2012_Debug|Win32.ActiveCfg = vs2012_Debug|Win32
		{10EB0331-E5C1-46D6-97E6-1A113C2C9D70}.vs2012_Debug|Win32.Build.0 = vs2012_Debug|Win32
		{10EB0331-E5C1-46D6-97E6-1A113C2C9D70}.vs2012_Debug|x64.ActiveCfg = vs2012_Debug|x64
		{10EB0331-E5C1-46D6-97E6-1A113C2C9D70}.vs2012_Debug|x64.Build.0 = vs2012_Debug|x64
		{10EB0331-E5C1-46D6-97E6-1A113C2C9D70}.vs2012_Release|Win32.ActiveCfg = vs2012_Release|Win32
		{10EB0331-E5C1-46D6-97E6-1A113C2C9D70}.vs2012_Release|Win32.Build.0 = vs2012_Release|Win32
		{10EB0331-E5C1-46D6-97E6-1A113C2C9D70}.vs2012_Release|x64.ActiveCfg = vs2012_Release|x64
		{10EB0331-E5C1-46D6-97E6-1A113C2C9D70}.vs2012_Release|x64.Build.0 = vs2012_Release|x64
		{10EB0331-E5C1-46D6-97E6-1A113C2C9D70}.vs2015_Debug|Win32.ActiveCfg = vs2015_Debug|Win32
		{10EB0331-E5C1-46D6-97E6-1A113C2C9D70}.vs2015_Debug|Win32.Build.0 = vs2015_Debug|Win32
		{10EB0331-E5C1-46D6-97E6-1A113C2C9D70}.vs2015_Debug|x64.ActiveCfg = vs2015_Debug|x64
		{10EB0331-E5C1-46D6-97E6-1A113C2C9D70}.vs2015_Debug|x64.Build.0 = vs2015_Debug|x64
		{10EB0331-E5C1-46D6-97E6-1A113C2C9D70}.vs2015_Release|Win32.ActiveCfg = vs2015_Release|Win32
		{10EB0331-E5C1-46D6-97E6-1A113C2C9D70}.vs2015_Release|Win32.Build.0 = vs2015_Release|Win32
		{10EB0331-E5C1-46D6-97E6-1A113C2C9D70}.vs2015_Release|x64.ActiveCfg = vs2015_Release|x64
		{10EB0331-E5C1-46D6-97E6-1A113C2C9D70}.vs2015_Release|x64.Build.0 = vs2015_Release|x64
		{10EB0331-E5C1-46D6-97E6-1A113C2C9D70}.vs2017_Debug|Win32.ActiveCfg = vs2017_Debug|Win32
		{10EB0331-E5C1-46D6-97E6-1A113C2C9D70}.vs2017_Debug|Win32.Build.0 = vs2017_Debug|Win32
		{10EB0331-E5C1-46D6-97E6-1A113C2C9D70}.vs2017_Debug|x64.ActiveCfg = vs2017_Debug|x64
		{10EB0331-E5C1-46D6-97E6-1A113C2C9D70}.vs2017_Debug|x64.Build.0 = vs2017_Debug|x64
		{10EB0331-E5C1-46D6-97E6-1A113C2C9D70}.vs2017_Release|Win32.ActiveCfg = vs2017_Release|Win32
		{10EB0331-E5C1-46D6-97E6-1A113C2C9D70}.vs2017_Release|Win32.Build.0 = vs2017_Release|Win32
		{10EB0331-E5C1-46D6-97E6-1A113C2C9D70}.vs2017_Release|x64.ActiveCfg = vs2017_Release|x64
		{10EB0331-E5C1-46D6-97E6-1A113C2C9D70}.vs2017_Release|x64.Build.0 = vs2017_Release|x64
		{7C4924AF-F090-4BDA-B451-68F6EAB29B22}.Debug|Win32.ActiveCfg = Debug|Win32
		{7C4924AF-F090-4BDA-B451-68F6EAB29B22}.Debug|Win32.Build.0 = Debug|Win32
		{7C4924AF-F090-4BDA-B451-68F6EAB29B22}.Debug|x64.ActiveCfg = Debug|x64
		{7C4924AF-F090-4BDA-B451-68F6EAB29B22}.Debug|x64.Build.0 = Debug|x64
		{7C4924AF-F090-4BDA-B451-68F6EAB29B22}.Release|Win32.ActiveCfg = Release|Win32
		{7C4924AF-F090-4BDA-B451-68F6EAB29B22}.Release|Win32.Build.0 = Release|Win32
		{7C4924AF-F090-4BDA-B451-68F6EAB29B22}.Release|x64.ActiveCfg = Release|x64
		{7C4924AF-F090-4BDA-B451-68F6EAB29B22}.Release|x64.Build.0 = Release|x64
		{7C4924AF-F090-4BDA-B451-68F6EAB29B22}.vs2010_Debug|Win32.ActiveCfg = vs2010_Debug|Win32
		{7C4924AF-F090-4BDA-B451-68F6EAB29B22}.vs2010_Debug|Win32.Build.0 = vs2010_Debug|Win32
		{7C4924AF-F090-4BDA-B451-68F6EAB29B22}.vs2010_Debug|x64.ActiveCfg = vs2010_Debug|x64
		{7C4924AF-F090-4BDA-B451-68F6EAB29B22}.vs2010_Debug|x64.Build.0 = vs2010_Debug|x64
		{7C4924AF-F090-4BDA-B451-68F6EAB29B22}.vs2010_Release|Win32.ActiveCfg = vs2010_Release|Win32
		{7C4924AF-F090-4BDA-B451-68F6EAB29B22}.vs2010_Release|Win32.Build.0 = vs2010_Release|Win32
		{7C4924AF-F090-4BDA-B451-68F6EAB29B22}.vs2010_Release|x64.ActiveCfg = vs2010_Release|x64
		{7C4924AF-F090-4BDA-B451-68F6EAB29B22}.vs2010_Release|x64.Build.0 = vs2010_Release|x64
		{7C4924AF-F090-4BDA-B451-68F6EAB29B22}.vs2012_Debug|Win32.ActiveCfg = vs2012_Debug|Win32
		{7C4924AF-F090-4BDA-B451-68F6EAB29B22}.vs2012_Debug|Win32.Build.0 = vs2012_Debug|Win32
		{7C4924AF-F090-4BDA-B451-68F6EAB29B22}.vs2012_Debug|x64.ActiveCfg = vs2012_Debug|x64
		{7C4924AF-F090-4BDA-B451-68F6EAB29B22}.vs2012_Debug|x64.Build.0 = vs2012_Debug|x64
		{7C4924AF-F090-4BDA-B451-68F6EAB29B22}.vs2012_Release|Win32.ActiveCfg = vs2012_Release|Win32
		{7C4924AF-F090-4BDA-B451-68F6EAB29B22}.vs2012_Release|Win32.Build.0 = vs2012_Release|Win32
		{7C4924AF-F090-4BDA-B451-68F6EAB29B22}.vs2012_Release|x64.ActiveCfg = vs2012_Release|x64
		{7C4924AF-F090-4BDA-B451-68F6EAB29B22}.vs2012_Release|x64.Build.0 = vs2012_Release|x64
		{7C4924AF-F090-4BDA-B451-68F6EAB29B22}.vs2015_Debug|Win32.ActiveCfg = vs2015_Debug|Win32
		{7C4924AF-F090-4BDA-B451-68F6EAB29B22}.vs2015_Debug|Win32.Build.0 = vs2015_Debug|Win32
		{7C4924AF-F090-4BDA-B451-68F6EAB29B22}.vs2015_Debug|x64.ActiveCfg = vs2015_Debug|x64
		{7C4924AF-F090-4BDA-B451-68F6EAB29B22}.vs2015_Debug|x64.Build.0 = vs2015_Debug|x64
		{7C4924AF-F090-4BDA-B451-68F6EAB29B22}.vs2015_Release|Win32.ActiveCfg = vs2015_Release|Win32
		{7C4924AF-F090-4BDA-B451-68F6EAB29B22}.vs2015_Release|Win32.Build.0 = vs2015_Release|Win32
		{7C4924AF-F090-4BDA-B451-68F6EAB29B22}.vs2015_Release|x64.ActiveCfg = vs2015_Release|x64
		{7C4924AF-F090-4BDA-B451-68F6EAB29B22}.vs2015_Release|x64.Build.0 = vs2015_Release|x64
		{7C4924AF-F090-4BDA-B451-68F6EAB29B22}.vs2017_Debug|Win32.ActiveCfg = vs2017_Debug|Win32
		{7C4924AF-F090-4BDA-B451-68F6EAB29B22}.vs2017_Debug|Win32.Build.0 = vs2017_Debug|Win32
		{7C4924AF-F090-4BDA-B451-68F6EAB29B22}.vs2017_Debug|x64.ActiveCfg = vs2017_Debug|x64
		{7C4924AF-F090-4BDA-B451-68F6EAB29B22}.vs2017_Debug|x64.Build.0 = vs2017_Debug|x64
		{7C4924AF-F090-4BDA-B451-68F6EAB29B22}.vs2017_Release|Win32.ActiveCfg = vs2017_Release|Win32
		{7C4924AF-F090-4BDA-B451-68F6EAB29B22}.vs2017_Release|Win32.Build.0 = vs2017_Release|Win32
		{7C4924AF-F090-4BDA-B451-68F6EAB29B22}.vs2017_Release|x64.ActiveCfg = vs2017_Release|x64
		{7C4924AF-F090-4BDA-B451-68F6EAB29B22}.vs2017_Release|x64.Build.0 = vs2017_Release|x64
		{114F1861-06E1-4AE8-814B-AA0A3CCC7E50}.Debug|Win32.ActiveCfg = Debug|Win32
		{114F1861-06E1-4AE8-814B-AA0A3CCC7E50}.Debug|Win32.Build.0 = Debug|Win32
		{114F1861-06E1-4AE8-814B-AA0A3CCC7E50}.Debug|x64.ActiveCfg = Debug|x64
		{114F1861-06E1-4AE8-814B-AA0A3CCC7E50}.Debug|x64.Build.0 = Debug|x64
		{114F1861-06E1-4AE8-814B-AA0A3CCC7E50}.Release|Win32.ActiveCfg = Release|Win32
		{114F1861-06E1-4AE8-814B-AA0A3CCC7E50}.Release|Win32.Build.0 = Release|Win32
		{114F1861-06E1-4AE8-814B-AA0A3CCC7E50}.Release|x64.ActiveCfg = Release|x64
		{114F1861-06E1-4AE8-814B-AA0A3CCC7E50}.Release|x64.Build.0 = Release|x64
		{114F1861-06E1-4AE8-814B-AA0A3CCC7E50}.vs2010_Debug|Win32.ActiveCfg = vs2010_Debug|Win32
		{114F1861-06E1-4AE8-814B-AA0A3CCC7E50}.vs2010_Debug|Win32.Build.0 = vs2010_Debug|Win32
		{114F1861-06E1-4AE8-814B-AA0A3CCC7E50}.vs2010_Debug|x64.ActiveCfg = vs2010_Debug|x64
		{114F1861-06E1-4AE8-814B-AA0A3CCC7E50}.vs2010_Debug|x64.Build.0 = vs2010_Debug|x64
		{114F1861-06E1-4AE8-814B-AA0A3CCC7E50}.vs2010_Release|Win32.ActiveCfg = vs2010_Release|Win32
		{114F1861-06E1-4AE8-814B-AA0A3CCC7E50}.vs2010_Release|Win32.Build.0 = vs2010_Release|Win32
		{114F1861-06E1-4AE8-814B-AA0A3CCC7E50}.vs2010_Release|x64.ActiveCfg = vs2010_Release|x64
		{114F1861-06E1-4AE8-814B-AA0A3CCC7E50}.vs2010_Release|x64.Build.0 = vs2010_Release|x64
		{114F1861-06E1-4AE8-814B-AA0A3CCC7E50}.vs2012_Debug|Win32.ActiveCfg = vs2012_Debug|Win32
		{114F1861-06E1-4AE8-814B-AA0A3CCC7E50}.vs2012_Debug|Win32.Build.0 = vs2012_Debug|Win32
		{114F1861-06E1-4AE8-814B-AA0A3CCC7E50}.vs2012_Debug|x64.ActiveCfg = vs2012_Debug|x64
		{114F1861-06E1-4AE8-814B-AA0A3CCC7E50}.vs2012_Debug|x64.Build.0 = vs2012_Debug|x64
		{114F1861-06E1-4AE8-814B-AA0A3CCC7E50}.vs2012_Release|Win32.ActiveCfg = vs2012_Release|Win32
		{114F1861-06E1-4AE8-814B-AA0A3CCC7E50}.vs2012_Release|Win32.Build.0 = vs2012_Release|Win32
		{114F1861-06E1-4AE8-814B-AA0A3CCC7E50}.vs2012_Release|x64.ActiveCfg = vs2012_Release|x64
		{114F1861-06E1-4AE8-814B-AA0A3CCC7E50}.vs2012_Release|x64.Build.0 = vs2012_Release|x64
		{114F1861-06E1-4AE8-814B-AA0A3CCC7E50}.vs2015_Debug|Win32.ActiveCfg = vs2015_Debug|Win32
		{114F1861-06E1-4AE8-814B-AA0A3CCC7E50}.vs2015_Debug|Win32.Build.0 = vs2015_Debug|Win32
		{114F1861-06E1-4AE8-814B-AA0A3CCC7E50}.vs2015_Debug|x64.ActiveCfg = vs2015_Debug|x64
		{114F1861-06E1-4AE8-814B-AA0A3CCC7E50}.vs2015_Debug|x64.Build.0 = vs2015_Debug|x64
		{114F1861-06E1-4AE8-814B-AA0A3CCC7E50}.vs2015_Release|Win32.ActiveCfg = vs2015_Release|Win32
		{114F1861-06E1-4AE8-814B-AA0A3CCC7E50}.vs2015_Release|Win32.Build.0 = vs2015_Release|Win32
		{114F1861-06E1-4AE8-814B-AA0A3CCC7E50}.vs2015_Release|x64.ActiveCfg = vs2015_Release|x64
		{114F1861-06E1-4AE8-814B-AA0A3CCC7E50}.vs2015_Release|x64.Build.0 = vs2015_Release|x64
		{114F1861-06E1-4AE8-814B-AA0A3CCC7E50}.vs2017_Debug|Win32.ActiveCfg = vs2017_Debug|Win32
		{114F1861-06E1-4AE8-814B-AA0A3CCC7E50}.vs2017_Debug|Win32.Build.0 = vs2017_Debug|Win32
		{114F1861-06E1-4AE8-814B-AA0A3CCC7E50}.vs2017_Debug|x64.ActiveCfg = vs2017_Debug|x64
		{114F1861-06E1-4AE8-814B-AA0A3CCC7E50}.vs2017_Debug|x64.Build.0 = vs2017_Debug|x64
		{114F1861-06E1-4AE8-814B-AA0A3CCC7E50}.vs2017_Release|Win32.ActiveCfg = vs2017_Release|Win32
		{114F1861-06E1-4AE8-814B-AA0A3CCC7E50}.vs2017_Release|Win32.Build.0 = vs2017_Release|Win32
		{114F1861-06E1-4AE8-814B-AA0A3CCC7E50}.vs2017_Release|x64.ActiveCfg = vs2017_Release|x64
		{114F1861-06E1-4AE8-814B-AA0A3CCC7E50}.vs2017_Release|x64.Build.0 = vs2017_Release|x64
		{7EB14F6A-4092-41BA-B95E-676D83560A4C}.Debug|Win32.ActiveCfg = Debug|Win32
		{7EB14F6A-4092-41BA-B95E-676D83560A4C}.Debug|Win32.Build.0 = Debug|Win32
		{7EB14F6A-4092-41BA-B95E-676D83560A4C}.Debug|x64.ActiveCfg = Debug|x64
		{7EB14F6A-4092-41BA-B95E-676D83560A4C}.Debug|x64.Build.0 = Debug|x64
		{7EB14F6A-4092-41BA-B95E-676D83560A4C}.Release|Win32.ActiveCfg = Release|Win32
		{7EB14F6A-4092-41BA-B95E-676D83560A4C}.Release|Win32.Build.0 = Release|Win32
		{7EB14F6A-4092-41BA-B95E-676D83560A4C}.Release|x64.ActiveCfg = Release|x64
		{7EB14F6A-4092-41BA-B95E-676D83560A4C}.Release|x64.Build.0 = Release|x64
		{7EB14F6A-4092-41BA-B95E-676D83560A4C}.vs2010_Debug|Win32.ActiveCfg = vs2010_Debug|Win32
		{7EB14F6A-4092-41BA-B95E-676D83560A4C}.vs2010_Debug|Win32.Build.0 = vs2010_Debug|Win32
		{7EB14F6A-4092-41BA-B95E-676D83560A4C}.vs2010_Debug|x64.ActiveCfg = vs2010_Debug|x64
		{7EB14F6A-4092-41BA-B95E-676D83560A4C}.vs2010_Debug|x64.Build.0 = vs2010_Debug|x64
		{7EB14F6A-4092-41BA-B95E-676D83560A4C}.vs2010_Release|Win32.ActiveCfg = vs2010_Release|Win32
		{7EB14F6A-4092-41BA-B95E-676D83560A4C}.vs2010_Release|Win32.Build.0 = vs2010_Release|Win32
		{7EB14F6A-4092-41BA-B95E-676D83560A4C}.vs2010_Release|x64.ActiveCfg = vs2010_Release|x64
		{7EB14F6A-4092-41BA-B95E-676D83560A4C}.vs2010_Release|x64.Build.0 = vs2010_Release|x64
		{7EB14F6A-4092-41BA-B95E-676D83560A4C}.vs2012_Debug|Win32.ActiveCfg = vs2012_Debug|Win32
		{7EB14F6A-4092-41BA-B95E-676D83560A4C}.vs2012_Debug|Win32.Build.0 = vs2012_Debug|Win32
		{7EB14F6A-4092-41BA-B95E-676D83560A4C}.vs2012_Debug|x64.ActiveCfg = vs2012_Debug|x64
		{7EB14F6A-4092-41BA-B95E-676D83560A4C}.vs2012_Debug|x64.Build.0 = vs2012_Debug|x64
		{7EB14F6A-4092-41BA-B95E-676D83560A4C}.vs2012_Release|Win32.ActiveCfg = vs2012_Release|Win32
		{7EB14F6A-4092-41BA-B95E-676D83560A4C}.vs2012_Release|Win32.Build.0 = vs2012_Release|Win32
		{7EB14F6A-4092-41BA-B95E-676D83560A4C}.vs2012_Release|x64.ActiveCfg = vs2012_Release|x64
		{7EB14F6A-4092-41BA-B95E-676D83560A4C}.vs2012_Release|x64.Build.0 = vs2012_Release|x64
		{7EB14F6A-4092-41BA-B95E-676D83560A4C}.vs2015_Debug|Win32.ActiveCfg = vs2015_Debug|Win32
		{7EB14F6A-4092-41BA-B95E-676D83560A4C}.vs2015_Debug|Win32.Build.0 = vs2015_Debug|Win32
		{7EB14F6A-4092-41BA-B95E-676D83560A4C}.vs2015_Debug|x64.ActiveCfg = vs2015_Debug|x64
		{7EB14F6A-4092-41BA-B95E-676D83560A4C}.vs2015_Debug|x64.Build.0 = vs2015_Debug|x64
		{7EB14F6A-4092-41BA-B95E-676D83560A4C}.vs2015_Release|Win32.ActiveCfg = vs2015_Release|Win32
		{7EB14F6A-4092-41BA-B95E-676D83560A4C}.vs2015_Release|Win32.Build.0 = vs2015_Release|Win32
		{7EB14F6A-4092-41BA-B95E-676D83560A4C}.vs2015_Release|x64.ActiveCfg = vs2015_Release|x64
		{7EB14F6A-4092-41BA-B95E-676D83560A4C}.vs2015_Release|x64.Build.0 = vs2015_Release|x64
		{7EB14F6A-4092-41BA-B95E-676D83560A4C}.vs2017_Debug|Win32.ActiveCfg = vs2017_Debug|Win32
		{7EB14F6A-4092-41BA-B95E-676D83560A4C}.vs2017_Debug|Win32.Build.0 = vs2017_Debug|Win32
		{7EB14F6A-4092-41BA-B95E-676D83560A4C}.vs2017_Debug|x64.ActiveCfg = vs2017_Debug|x64
		{7EB14F6A-4092-41BA-B95E-676D83560A4C}.vs2017_Debug|x64.Build.0 = vs2017_Debug|x64
		{7EB14F6A-4092-41BA-B95E-676D83560A4C}.vs2017_Release|Win32.ActiveCfg = vs2017_Release|Win32
		{7EB14F6A-4092-41BA-B95E-676D83560A4C}.vs2017_Release|Win32.Build.0 = vs2017_Release|Win32
		{7EB14F6A-4092-41BA-B95E-676D83560A4C}.vs2017_Release|x64.ActiveCfg = vs2017_Release|x64
		{7EB14F6A-4092-41BA-B95E-676D83560A4C}.vs2017_Release|x64.Build.0 = vs2017_Release|x64
		{649E3EA6-6507-4E4E-AD0F-012F529FE92F}.Debug|Win32.ActiveCfg = Debug|Win32
		{649E3EA6-6507-4E4E-AD0F-012F529FE92F}.Debug|Win32.Build.0 = Debug|Win32
		{649E3EA6-6507-4E4E-AD0F-012F529FE92F}.Debug|x64.ActiveCfg = Debug|x64
		{649E3EA6-6507-4E4E-AD0F-012F529FE92F}.Debug|x64.Build.0 = Debug|x64
		{649E3EA6-6507-4E4E-AD0F-012F529FE92F}.Release|Win32.ActiveCfg = Release|Win32
		{649E3EA6-6507-4E4E-AD0F-012F529FE92F}.Release|Win32.Build.0 = Release|Win32
		{649E3EA6-6507-4E4E-AD0F-012F529FE92F}.Release|x64.ActiveCfg = Release|x64
		{649E3EA6-6507-4E4E-AD0F-012F529FE92F}.Release|x64.Build.0 = Release|x64
		{649E3EA6-6507-4E4E-AD0F-012F529FE92F}.vs2010_Debug|Win32.ActiveCfg = vs2010_Debug|Win32
		{649E3EA6-6507-4E4E-AD0F-012F529FE92F}.vs2010_Debug|Win32.Build.0 = vs2010_Debug|Win32
		{649E3EA6-6507-4E4E-AD0F-012F529FE92F}.vs2010_Debug|x64.ActiveCfg = vs2010_Debug|x64
		{649E3EA6-6507-4E4E-AD0F-012F529FE92F}.vs2010_Debug|x64.Build.0 = vs2010_Debug|x64
		{649E3EA6-6507-4E4E-AD0F-012F529FE92F}.vs2010_Release|Win32.ActiveCfg = vs2010_Release|Win32
		{649E3EA6-6507-4E4E-AD0F-012F529FE92F}.vs2010_Release|Win32.Build.0 = vs2010_Release|Win32
		{649E3EA6-6507-4E4E-AD0F-012F529FE92F}.vs2010_Release|x64.ActiveCfg = vs2010_Release|x64
		{649E3EA6-6507-4E4E-AD0F-012F529FE92F}.vs2010_Release|x64.Build.0 = vs2010_Release|x64
		{649E3EA6-6507-4E4E-AD0F-012F529FE92F}.vs2012_Debug|Win32.ActiveCfg = vs2012_Debug|Win32
		{649E3EA6-6507-4E4E-AD0F-012F529FE92F}.vs2012_Debug|Win32.Build.0 = vs2012_Debug|Win32
		{649E3EA6-6507-4E4E-AD0F-012F529FE92F}.vs2012_Debug|x64.ActiveCfg = vs2012_Debug|x64
		{649E3EA6-6507-4E4E-AD0F-012F529FE92F}.vs2012_Debug|x64.Build.0 = vs2012_Debug|x64
		{649E3EA6-6507-4E4E-AD0F-012F529FE92F}.vs2012_Release|Win32.ActiveCfg = vs2012_Release|Win32
		{649E3EA6-6507-4E4E-AD0F-012F529FE92F}.vs2012_Release|Win32.Build.0 = vs2012_Release|Win32
		{649E3EA6-6507-4E4E-AD0F-012F529FE92F}.vs2012_Release|x64.ActiveCfg = vs2012_Release|x64
		{649E3EA6-6507-4E4E-AD0F-012F529FE92F}.vs2012_Release|x64.Build.0 = vs2012_Release|x64
		{649E3EA6-6507-4E4E-AD0F-012F529FE92F}.vs2015_Debug|Win32.ActiveCfg = vs2015_Debug|Win32
		{649E3EA6-6507-4E4E-AD0F-012F529FE92F}.vs2015_Debug|Win32.Build.0 = vs2015_Debug|Win32
		{649E3EA6-6507-4E4E-AD0F-012F529FE92F}.vs2015_Debug|x64.ActiveCfg = vs2015_Debug|x64
		{649E3EA6-6507-4E4E-AD0F-012F529FE92F}.vs2015_Debug|x64.Build.0 = vs2015_Debug|x64
		{649E3EA6-6507-4E4E-AD0F-012F529FE92F}.vs2015_Release|Win32.ActiveCfg = vs2015_Release|Win32
		{649E3EA6-6507-4E4E-AD0F-012F529FE92F}.vs2015_Release|Win32.Build.0 = vs2015_Release|Win32
		{649E3EA6-6507-4E4E-AD0F-012F529FE92F}.vs2015_Release|x64.ActiveCfg = vs2015_Release|x64
		{649E3EA6-6507-4E4E-AD0F-012F529FE92F}.vs2015_Release|x64.Build.0 = vs2015_Release|x64
		{649E3EA6-6507-4E4E-AD0F-012F529FE92F}.vs2017_Debug|Win32.ActiveCfg = vs2017_Debug|Win32
		{649E3EA6-6507-4E4E-AD0F-012F529FE92F}.vs2017_Debug|Win32.Build.0 = vs2017_Debug|Win32
		{649E3EA6-6507-4E4E-AD0F-012F529FE92F}.vs2017_Debug|x64.ActiveCfg = vs2017_Debug|x64
		{649E3EA6-6507-4E4E-AD0F-012F529FE92F}.vs2017_Debug|x64.Build.0 = vs2017_Debug|x64
		{649E3EA6-6507-4E4E-AD0F-012F529FE92F}.vs2017_Release|Win32.ActiveCfg = vs2017_Release|Win32
		{649E3EA6-6507-4E4E-AD0F-012F529FE92F}.vs2017_Release|Win32.Build.0 = vs2017_Release|Win32
		{649E3EA6-6507-4E4E-AD0F-012F529FE92F}.vs2017_Release|x64.ActiveCfg = vs2017_Release|x64
		{649E3EA6-6507-4E4E-AD0F-012F529FE92F}.vs2017_Release|x64.Build.0 = vs2017_Release|x64
		{53245C46-097A-4199-B88E-E44FBD839BB8}.Debug|Win32.ActiveCfg = Debug|Win32
		{53245C46-097A-4199-B88E-E44FBD839BB8}.Debug|Win32.Build.0 = Debug|Win32
		{53245C46-097A-4199-B88E-E44FBD839BB8}.Debug|x64.ActiveCfg = Debug|x64
		{53245C46-097A-4199-B88E-E44FBD839BB8}.Debug|x64.Build.0 = Debug|x64
		{53245C46-097A-4199-B88E-E44FBD839BB8}.Release|Win32.ActiveCfg = Release|Win32
		{53245C46-097A-4199-B88E-E44FBD839BB8}.Release|Win32.Build.0 = Release|Win32
		{53245C46-097A-4199-B88E-E44FBD839BB8}.Release|x64.ActiveCfg = Release|x64
		{53245C46-097A-4199-B88E-E44FBD839BB8}.Release|x64.Build.0 = Release|x64
		{53245C46-097A-4199-B88E-E44FBD839BB8}.vs2010_Debug|Win32.ActiveCfg = vs2010_Debug|Win32
		{53245C46-097A-4199-B88E-E44FBD839BB8}.vs2010_Debug|Win32.Build.0 = vs2010_Debug|Win32
		{53245C46-097A-4199-B88E-E44FBD839BB8}.vs2010_Debug|x64.ActiveCfg = vs2010_Debug|x64
		{53245C46-097A-4199-B88E-E44FBD839BB8}.vs2010_Debug|x64.Build.0 = vs2010_Debug|x64
		{53245C46-097A-4199-B88E-E44FBD839BB8}.vs2010_Release|Win32.ActiveCfg = vs2010_Release|Win32
		{53245C46-097A-4199-B88E-E44FBD839BB8}.vs2010_Release|Win32.Build.0 = vs2010_Release|Win32
		{53245C46-097A-4199-B88E-E44FBD839BB8}.vs2010_Release|x64.ActiveCfg = vs2010_Release|x64
		{53245C46-097A-4199-B88E-E44FBD839BB8}.vs2010_Release|x64.Build.0 = vs2010_Release|x64
		{53245C46-097A-4199-B88E-E44FBD839BB8}.vs2012_Debug|Win32.ActiveCfg = vs2012_Debug|Win32
		{53245C46-097A-4199-B88E-E44FBD839BB8}.vs2012_Debug|Win32.Build.0 = vs2012_Debug|Win32
		{53245C46-097A-4199-B88E-E44FBD839BB8}.vs2012_Debug|x64.ActiveCfg = vs2012_Debug|x64
		{53245C46-097A-4199-B88E-E44FBD839BB8}.vs2012_Debug|x64.Build.0 = vs2012_Debug|x64
		{53245C46-097A-4199-B88E-E44FBD839BB8}.vs2012_Release|Win32.ActiveCfg = vs2012_Release|Win32
		{53245C46-097A-4199-B88E-E44FBD839BB8}.vs2012_Release|Win32.Build.0 = vs2012_Release|Win32
		{53245C46-097A-4199-B88E-E44FBD839BB8}.vs2012_Release|x64.ActiveCfg = vs2012_Release|x64
		{53245C46-097A-4199-B88E-E44FBD839BB8}.vs2012_Release|x64.Build.0 = vs2012_Release|x64
		{53245C46-097A-4199-B88E-E44FBD839BB8}.vs2015_Debug|Win32.ActiveCfg = vs2015_Debug|Win32
		{53245C46-097A-4199-B88E-E44FBD839BB8}.vs2015_Debug|Win32.Build.0 = vs2015_Debug|Win32
		{53245C46-097A-4199-B88E-E44FBD839BB8}.vs2015_Debug|x64.ActiveCfg = vs2015_Debug|x64
		{53245C46-097A-4199-B88E-E44FBD839BB8}.vs2015_Debug|x64.Build.0 = vs2015_Debug|x64
		{53245C46-097A-4199-B88E-E44FBD839BB8}.vs2015_Release|Win32.ActiveCfg = vs2015_Release|Win32
		{53245C46-097A-4199-B88E-E44FBD839BB8}.vs2015_Release|Win32.Build.0 = vs2015_Release|Win32
		{53245C46-097A-4199-B88E-E44FBD839BB8}.vs2015_Release|x64.ActiveCfg = vs2015_Release|x64
		{53245C46-097A-4199-B88E-E44FBD839BB8}.vs2015_Release|x64.Build.0 = vs2015_Release|x64
		{53245C46-097A-4199-B88E-E44FBD839BB8}.vs2017_Debug|Win32.ActiveCfg = vs2017_Debug|Win32
		{53245C46-097A-4199-B88E-E44FBD839BB8}.vs2017_Debug|Win32.Build.0 = vs2017_Debug|Win32
		{53245C46-097A-4199-B88E-E44FBD839BB8}.vs2017_Debug|x64.ActiveCfg = vs2017_Debug|x64
		{53245C46-097A-4199-B88E-E44FBD839BB8}.vs2017_Debug|x64.Build.0 = vs2017_Debug|x64
		{53245C46-097A-4199-B88E-E44FBD839BB8}.vs2017_Release|Win32.ActiveCfg = vs2017_Release|Win32
		{53245C46-097A-4199-B88E-E44FBD839BB8}.vs2017_Release|Win32.Build.0 = vs2017_Release|Win32
		{53245C46-097A-4199-B88E-E44FBD839BB8}.vs2017_Release|x64.ActiveCfg = vs2017_Release|x64
		{53245C46-097A-4199-B88E-E44FBD839BB8}.vs2017_Release|x64.Build.0 = vs2017_Release|x64
		{A22EBB76-427F-45EF-A1BF-B5483C2B876A}.Debug|Win32.ActiveCfg = Debug|Win32
		{A22EBB76-427F-45EF-A1BF-B5483C2B876A}.Debug|Win32.Build.0 = Debug|Win32
		{A22EBB76-427F-45EF-A1BF-B5483C2B876A}.Debug|x64.ActiveCfg = Debug|x64
		{A22EBB76-427F-45EF-A1BF-B5483C2B876A}.Debug|x64.Build.0 = Debug|x64
		{A22EBB76-427F-45EF-A1BF-B5483C2B876A}.Release|Win32.ActiveCfg = Release|Win32
		{A22EBB76-427F-45EF-A1BF-B5483C2B876A}.Release|Win32.Build.0 = Release|Win32
		{A22EBB76-427F-45EF-A1BF-B5483C2B876A}.Release|x64.ActiveCfg = Release|x64
		{A22EBB76-427F-45EF-A1BF-B5483C2B876A}.Release|x64.Build.0 = Release|x64
		{A22EBB76-427F-45EF-A1BF-B5483C2B876A}.vs2010_Debug|Win32.ActiveCfg = vs2010_Debug|Win32
		{A22EBB76-427F-45EF-A1BF-B5483C2B876A}.vs2010_Debug|Win32.Build.0 = vs2010_Debug|Win32
		{A22EBB76-427F-45EF-A1BF-B5483C2B876A}.vs2010_Debug|x64.ActiveCfg = vs2010_Debug|x64
		{A22EBB76-427F-45EF-A1BF-B5483C2B876A}.vs2010_Debug|x64.Build.0 = vs2010_Debug|x64
		{A22EBB76-427F-45EF-A1BF-B5483C2B876A}.vs2010_Release|Win32.ActiveCfg = vs2010_Release|Win32
		{A22EBB76-427F-45EF-A1BF-B5483C2B876A}.vs2010_Release|Win32.Build.0 = vs2010_Release|Win32
		{A22EBB76-427F-45EF-A1BF-B5483C2B876A}.vs2010_Release|x64.ActiveCfg = vs2010_Release|x64
		{A22EBB76-427F-45EF-A1BF-B5483C2B876A}.vs2010_Release|x64.Build.0 = vs2010_Release|x64
		{A22EBB76-427F-45EF-A1BF-B5483C2B876A}.vs2012_Debug|Win32.ActiveCfg = vs2012_Debug|Win32
		{A22EBB76-427F-45EF-A1BF-B5483C2B876A}.vs2012_Debug|Win32.Build.0 = vs2012_Debug|Win32
		{A22EBB76-427F-45EF-A1BF-B5483C2B876A}.vs2012_Debug|x64.ActiveCfg = vs2012_Debug|x64
		{A22EBB76-427F-45EF-A1BF-B5483C2B876A}.vs2012_Debug|x64.Build.0 = vs2012_Debug|x64
		{A22EBB76-427F-45EF-A1BF-B5483C2B876A}.vs2012_Release|Win32.ActiveCfg = vs2012_Release|Win32
		{A22EBB76-427F-45EF-A1BF-B5483C2B876A}.vs2012_Release|Win32.Build.0 = vs2012_Release|Win32
		{A22EBB76-427F-45EF-A1BF-B5483C2B876A}.vs2012_Release|x64.ActiveCfg = vs2012_Release|x64
		{A22EBB76-427F-45EF-A1BF-B5483C2B876A}.vs2012_Release|x64.Build.0 = vs2012_Release|x64
		{A22EBB76-427F-45EF-A1BF-B5483C2B876A}.vs2015_Debug|Win32.ActiveCfg = vs2015_Debug|Win32
		{A22EBB76-427F-45EF-A1BF-B5483C2B876A}.vs2015_Debug|Win32.Build.0 = vs2015_Debug|Win32
		{A22EBB76-427F-45EF-A1BF-B5483C2B876A}.vs2015_Debug|x64.ActiveCfg = vs2015_Debug|x64
		{A22EBB76-427F-45EF-A1BF-B5483C2B876A}.vs2015_Debug|x64.Build.0 = vs2015_Debug|x64
		{A22EBB76-427F-45EF-A1BF-B5483C2B876A}.vs2015_Release|Win32.ActiveCfg = vs2015_Release|Win32
		{A22EBB76-427F-45EF-A1BF-B5483C2B876A}.vs2015_Release|Win32.Build.0 = vs2015_Release|Win32
		{A22EBB76-427F-45EF-A1BF-B5483C2B876A}.vs2015_Release|x64.ActiveCfg = vs2015_Release|x64
		{A22EBB76-427F-45EF-A1BF-B5483C2B876A}.vs2015_Release|x64.Build.0 = vs2015_Release|x64
		{A22EBB76-427F-45EF-A1BF-B5483C2B876A}.vs2017_Debug|Win32.ActiveCfg = vs2017_Debug|Win32
		{A22EBB76-427F-45EF-A1BF-B5483C2B876A}.vs2017_Debug|Win32.Build.0 = vs2017_Debug|Win32
		{A22EBB76-427F-45EF-A1BF-B5483C2B876A}.vs2017_Debug|x64.ActiveCfg = vs2017_Debug|x64
		{A22EBB76-427F-45EF-A1BF-B5483C2B876A}.vs2017_Debug|x64.Build.0 = vs2017_Debug|x64
		{A22EBB76-427F-45EF-A1BF-B5483C2B876A}.vs2017_Release|Win32.ActiveCfg = vs2017_Release|Win32
		{A22EBB76-427F-45EF-A1BF-B5483C2B876A}.vs2017_Release|Win32.Build.0 = vs2017_Release|Win32
		{A22EBB76-427F-45EF-A1BF-B5483C2B876A}.vs2017_Release|x64.ActiveCfg = vs2017_Release|x64
		{A22EBB76-427F-45EF-A1BF-B5483C2B876A}.vs2017_Release|x64.Build.0 = vs2017_Release|x64
	EndGlobalSection
	GlobalSection(SolutionProperties) = preSolution
		HideSolutionNode = FALSE
	EndGlobalSection
EndGlobal
