<?xml version="1.0" encoding="utf-8"?>
<Project ToolsVersion="12.0" xmlns="http://schemas.microsoft.com/developer/msbuild/2003">
  <ItemGroup>
    <ClCompile Include="..\..\src\c_api.cpp">
      <Filter>Source Files</Filter>
    </ClCompile>
  </ItemGroup>
  <ItemGroup>
    <ClInclude Include="..\..\include\liblas\capi\las_config.h">
      <Filter>Header Files</Filter>
    </ClInclude>
    <ClInclude Include="..\..\include\liblas\capi\las_version.h">
      <Filter>Header Files</Filter>
    </ClInclude>
    <ClInclude Include="..\..\include\liblas\capi\liblas.h">
      <Filter>Header Files</Filter>
    </ClInclude>
  </ItemGroup>
  <ItemGroup>
    <Filter Include="Source Files">
      <UniqueIdentifier>{26973738-84B2-4696-B1B0-E91188FBC009}</UniqueIdentifier>
    </Filter>
    <Filter Include="Header Files">
      <UniqueIdentifier>{259DACB0-0C39-4219-8906-2FBAB76B4D5C}</UniqueIdentifier>
    </Filter>
    <Filter Include="CMake Files">
      <UniqueIdentifier>{98A487DD-CC7B-48DA-B029-BEAC965E5E5D}</UniqueIdentifier>
    </Filter>
  </ItemGroup>
</Project>