<?xml version="1.0" encoding="utf-8"?>
<Project ToolsVersion="12.0" xmlns="http://schemas.microsoft.com/developer/msbuild/2003">
  <ItemGroup>
    <CustomBuild Include="..\CMakeFiles\a0099b95c6ec3aae266dbf33fe7a8a2e\PACKAGE_force.rule">
      <Filter>CMake Rules</Filter>
    </CustomBuild>
  </ItemGroup>
  <ItemGroup>
    <Filter Include="CMake Rules">
      <UniqueIdentifier>{B9EB68A2-0E16-4EB3-AB20-03D63CF58E2C}</UniqueIdentifier>
    </Filter>
  </ItemGroup>
</Project>
